
Microsoft Visual Studio Solution File, Format Version 12.00
# Visual Studio Version 16
VisualStudioVersion = 16.0.33927.289
MinimumVisualStudioVersion = 10.0.40219.1
Project("{8BC9CEB8-8B4A-11D0-8D11-00A0C91BC942}") = "AccurateSubpixelEdgeLocation", "AccurateSubpixelEdgeLocation.vcxproj", "{0E17A86F-BBE5-4B99-B4E1-ADFFDB9729B4}"
EndProject
Global
	GlobalSection(SolutionConfigurationPlatforms) = preSolution
		Debug|x64 = Debug|x64
		Debug|x86 = Debug|x86
		Release|x64 = Release|x64
		Release|x86 = Release|x86
	EndGlobalSection
	GlobalSection(ProjectConfigurationPlatforms) = postSolution
		{0E17A86F-BBE5-4B99-B4E1-ADFFDB9729B4}.Debug|x64.ActiveCfg = Debug|x64
		{0E17A86F-BBE5-4B99-B4E1-ADFFDB9729B4}.Debug|x64.Build.0 = Debug|x64
		{0E17A86F-BBE5-4B99-B4E1-ADFFDB9729B4}.Debug|x86.ActiveCfg = Debug|Win32
		{0E17A86F-BBE5-4B99-B4E1-ADFFDB9729B4}.Debug|x86.Build.0 = Debug|Win32
		{0E17A86F-BBE5-4B99-B4E1-ADFFDB9729B4}.Release|x64.ActiveCfg = Release|x64
		{0E17A86F-BBE5-4B99-B4E1-ADFFDB9729B4}.Release|x64.Build.0 = Release|x64
		{0E17A86F-BBE5-4B99-B4E1-ADFFDB9729B4}.Release|x86.ActiveCfg = Release|Win32
		{0E17A86F-BBE5-4B99-B4E1-ADFFDB9729B4}.Release|x86.Build.0 = Release|Win32
	EndGlobalSection
	GlobalSection(SolutionProperties) = preSolution
		HideSolutionNode = FALSE
	EndGlobalSection
	GlobalSection(ExtensibilityGlobals) = postSolution
		SolutionGuid = {146E361E-95AC-41AD-8665-4E3FA486D34D}
	EndGlobalSection
EndGlobal
